// !$*UTF8*$!
{
	archiveVersion = 1;
	classes = {
	};
	objectVersion = 50;
	objects = {

/* Begin PBXBuildFile section */
		EBEDCF9A21B68F6800979618 /* AppDelegate.swift in Sources */ = {isa = PBXBuildFile; fileRef = EBEDCF9921B68F6800979618 /* AppDelegate.swift */; };
		EBEDCF9C21B68F6800979618 /* ViewController.swift in Sources */ = {isa = PBXBuildFile; fileRef = EBEDCF9B21B68F6800979618 /* ViewController.swift */; };
		EBEDCF9F21B68F6800979618 /* Main.storyboard in Resources */ = {isa = PBXBuildFile; fileRef = EBEDCF9D21B68F6800979618 /* Main.storyboard */; };
		EBEDCFA121B68F6900979618 /* Assets.xcassets in Resources */ = {isa = PBXBuildFile; fileRef = EBEDCFA021B68F6900979618 /* Assets.xcassets */; };
		EBEDCFA421B68F6900979618 /* LaunchScreen.storyboard in Resources */ = {isa = PBXBuildFile; fileRef = EBEDCFA221B68F6900979618 /* LaunchScreen.storyboard */; };
		EBEDCFAF21B68F6900979618 /* incredibleMovieTests.swift in Sources */ = {isa = PBXBuildFile; fileRef = EBEDCFAE21B68F6900979618 /* incredibleMovieTests.swift */; };
/* End PBXBuildFile section */

/* Begin PBXContainerItemProxy section */
		EBEDCFAB21B68F6900979618 /* PBXContainerItemProxy */ = {
			isa = PBXContainerItemProxy;
			containerPortal = EBEDCF8E21B68F6800979618 /* Project object */;
			proxyType = 1;
			remoteGlobalIDString = EBEDCF9521B68F6800979618;
			remoteInfo = incredibleMovie;
		};
/* End PBXContainerItemProxy section */

/* Begin PBXFileReference section */
		EBEDCF9621B68F6800979618 /* incredibleMovie.app */ = {isa = PBXFileReference; explicitFileType = wrapper.application; includeInIndex = 0; path = incredibleMovie.app; sourceTree = BUILT_PRODUCTS_DIR; };
		EBEDCF9921B68F6800979618 /* AppDelegate.swift */ = {isa = PBXFileReference; lastKnownFileType = sourcecode.swift; path = AppDelegate.swift; sourceTree = "<group>"; };
		EBEDCF9B21B68F6800979618 /* ViewController.swift */ = {isa = PBXFileReference; lastKnownFileType = sourcecode.swift; path = ViewController.swift; sourceTree = "<group>"; };
		EBEDCF9E21B68F6800979618 /* Base */ = {isa = PBXFileReference; lastKnownFileType = file.storyboard; name = Base; path = Base.lproj/Main.storyboard; sourceTree = "<group>"; };
		EBEDCFA021B68F6900979618 /* Assets.xcassets */ = {isa = PBXFileReference; lastKnownFileType = folder.assetcatalog; path = Assets.xcassets; sourceTree = "<group>"; };
		EBEDCFA321B68F6900979618 /* Base */ = {isa = PBXFileReference; lastKnownFileType = file.storyboard; name = Base; path = Base.lproj/LaunchScreen.storyboard; sourceTree = "<group>"; };
		EBEDCFA521B68F6900979618 /* Info.plist */ = {isa = PBXFileReference; lastKnownFileType = text.plist.xml; path = Info.plist; sourceTree = "<group>"; };
		EBEDCFAA21B68F6900979618 /* incredibleMovieTests.xctest */ = {isa = PBXFileReference; explicitFileType = wrapper.cfbundle; includeInIndex = 0; path = incredibleMovieTests.xctest; sourceTree = BUILT_PRODUCTS_DIR; };
		EBEDCFAE21B68F6900979618 /* incredibleMovieTests.swift */ = {isa = PBXFileReference; lastKnownFileType = sourcecode.swift; path = incredibleMovieTests.swift; sourceTree = "<group>"; };
		EBEDCFB021B68F6900979618 /* Info.plist */ = {isa = PBXFileReference; lastKnownFileType = text.plist.xml; path = Info.plist; sourceTree = "<group>"; };
/* End PBXFileReference section */

/* Begin PBXFrameworksBuildPhase section */
		EBEDCF9321B68F6800979618 /* Frameworks */ = {
			isa = PBXFrameworksBuildPhase;
			buildActionMask = 2147483647;
			files = (
			);
			runOnlyForDeploymentPostprocessing = 0;
		};
		EBEDCFA721B68F6900979618 /* Frameworks */ = {
			isa = PBXFrameworksBuildPhase;
			buildActionMask = 2147483647;
			files = (
			);
			runOnlyForDeploymentPostprocessing = 0;
		};
/* End PBXFrameworksBuildPhase section */

/* Begin PBXGroup section */
		EBEDCF8D21B68F6800979618 = {
			isa = PBXGroup;
			children = (
				EBEDCF9821B68F6800979618 /* incredibleMovie */,
				EBEDCFAD21B68F6900979618 /* incredibleMovieTests */,
				EBEDCF9721B68F6800979618 /* Products */,
			);
			sourceTree = "<group>";
		};
		EBEDCF9721B68F6800979618 /* Products */ = {
			isa = PBXGroup;
			children = (
				EBEDCF9621B68F6800979618 /* incredibleMovie.app */,
				EBEDCFAA21B68F6900979618 /* incredibleMovieTests.xctest */,
			);
			name = Products;
			sourceTree = "<group>";
		};
		EBEDCF9821B68F6800979618 /* incredibleMovie */ = {
			isa = PBXGroup;
			children = (
				EBEDCF9921B68F6800979618 /* AppDelegate.swift */,
				EBEDCF9B21B68F6800979618 /* ViewController.swift */,
				EBEDCF9D21B68F6800979618 /* Main.storyboard */,
				EBEDCFA021B68F6900979618 /* Assets.xcassets */,
				EBEDCFA221B68F6900979618 /* LaunchScreen.storyboard */,
				EBEDCFA521B68F6900979618 /* Info.plist */,
			);
			path = incredibleMovie;
			sourceTree = "<group>";
		};
		EBEDCFAD21B68F6900979618 /* incredibleMovieTests */ = {
			isa = PBXGroup;
			children = (
				EBEDCFAE21B68F6900979618 /* incredibleMovieTests.swift */,
				EBEDCFB021B68F6900979618 /* Info.plist */,
			);
			path = incredibleMovieTests;
			sourceTree = "<group>";
		};
/* End PBXGroup section */

/* Begin PBXNativeTarget section */
		EBEDCF9521B68F6800979618 /* incredibleMovie */ = {
			isa = PBXNativeTarget;
			buildConfigurationList = EBEDCFB321B68F6900979618 /* Build configuration list for PBXNativeTarget "incredibleMovie" */;
			buildPhases = (
				EBEDCF9221B68F6800979618 /* Sources */,
				EBEDCF9321B68F6800979618 /* Frameworks */,
				EBEDCF9421B68F6800979618 /* Resources */,
			);
			buildRules = (
			);
			dependencies = (
			);
			name = incredibleMovie;
			productName = incredibleMovie;
			productReference = EBEDCF9621B68F6800979618 /* incredibleMovie.app */;
			productType = "com.apple.product-type.application";
		};
		EBEDCFA921B68F6900979618 /* incredibleMovieTests */ = {
			isa = PBXNativeTarget;
			buildConfigurationList = EBEDCFB621B68F6900979618 /* Build configuration list for PBXNativeTarget "incredibleMovieTests" */;
			buildPhases = (
				EBEDCFA621B68F6900979618 /* Sources */,
				EBEDCFA721B68F6900979618 /* Frameworks */,
				EBEDCFA821B68F6900979618 /* Resources */,
			);
			buildRules = (
			);
			dependencies = (
				EBEDCFAC21B68F6900979618 /* PBXTargetDependency */,
			);
			name = incredibleMovieTests;
			productName = incredibleMovieTests;
			productReference = EBEDCFAA21B68F6900979618 /* incredibleMovieTests.xctest */;
			productType = "com.apple.product-type.bundle.unit-test";
		};
/* End PBXNativeTarget section */

/* Begin PBXProject section */
		EBEDCF8E21B68F6800979618 /* Project object */ = {
			isa = PBXProject;
			attributes = {
				LastSwiftUpdateCheck = 1010;
				LastUpgradeCheck = 1010;
				ORGANIZATIONNAME = "Sergio Garre";
				TargetAttributes = {
					EBEDCF9521B68F6800979618 = {
						CreatedOnToolsVersion = 10.1;
					};
					EBEDCFA921B68F6900979618 = {
						CreatedOnToolsVersion = 10.1;
						TestTargetID = EBEDCF9521B68F6800979618;
					};
				};
			};
			buildConfigurationList = EBEDCF9121B68F6800979618 /* Build configuration list for PBXProject "incredibleMovie" */;
			compatibilityVersion = "Xcode 9.3";
			developmentRegion = en;
			hasScannedForEncodings = 0;
			knownRegions = (
				en,
				Base,
			);
			mainGroup = EBEDCF8D21B68F6800979618;
			productRefGroup = EBEDCF9721B68F6800979618 /* Products */;
			projectDirPath = "";
			projectRoot = "";
			targets = (
				EBEDCF9521B68F6800979618 /* incredibleMovie */,
				EBEDCFA921B68F6900979618 /* incredibleMovieTests */,
			);
		};
/* End PBXProject section */

/* Begin PBXResourcesBuildPhase section */
		EBEDCF9421B68F6800979618 /* Resources */ = {
			isa = PBXResourcesBuildPhase;
			buildActionMask = 2147483647;
			files = (
				EBEDCFA421B68F6900979618 /* LaunchScreen.storyboard in Resources */,
				EBEDCFA121B68F6900979618 /* Assets.xcassets in Resources */,
				EBEDCF9F21B68F6800979618 /* Main.storyboard in Resources */,
			);
			runOnlyForDeploymentPostprocessing = 0;
		};
		EBEDCFA821B68F6900979618 /* Resources */ = {
			isa = PBXResourcesBuildPhase;
			buildActionMask = 2147483647;
			files = (
			);
			runOnlyForDeploymentPostprocessing = 0;
		};
/* End PBXResourcesBuildPhase section */

/* Begin PBXSourcesBuildPhase section */
		EBEDCF9221B68F6800979618 /* Sources */ = {
			isa = PBXSourcesBuildPhase;
			buildActionMask = 2147483647;
			files = (
				EBEDCF9C21B68F6800979618 /* ViewController.swift in Sources */,
				EBEDCF9A21B68F6800979618 /* AppDelegate.swift in Sources */,
			);
			runOnlyForDeploymentPostprocessing = 0;
		};
		EBEDCFA621B68F6900979618 /* Sources */ = {
			isa = PBXSourcesBuildPhase;
			buildActionMask = 2147483647;
			files = (
				EBEDCFAF21B68F6900979618 /* incredibleMovieTests.swift in Sources */,
			);
			runOnlyForDeploymentPostprocessing = 0;
		};
/* End PBXSourcesBuildPhase section */

/* Begin PBXTargetDependency section */
		EBEDCFAC21B68F6900979618 /* PBXTargetDependency */ = {
			isa = PBXTargetDependency;
			target = EBEDCF9521B68F6800979618 /* incredibleMovie */;
			targetProxy = EBEDCFAB21B68F6900979618 /* PBXContainerItemProxy */;
		};
/* End PBXTargetDependency section */

/* Begin PBXVariantGroup section */
		EBEDCF9D21B68F6800979618 /* Main.storyboard */ = {
			isa = PBXVariantGroup;
			children = (
				EBEDCF9E21B68F6800979618 /* Base */,
			);
			name = Main.storyboard;
			sourceTree = "<group>";
		};
		EBEDCFA221B68F6900979618 /* LaunchScreen.storyboard */ = {
			isa = PBXVariantGroup;
			children = (
				EBEDCFA321B68F6900979618 /* Base */,
			);
			name = LaunchScreen.storyboard;
			sourceTree = "<group>";
		};
/* End PBXVariantGroup section */

/* Begin XCBuildConfiguration section */
		EBEDCFB121B68F6900979618 /* Debug */ = {
			isa = XCBuildConfiguration;
			buildSettings = {
				ALWAYS_SEARCH_USER_PATHS = NO;
				CLANG_ANALYZER_NONNULL = YES;
				CLANG_ANALYZER_NUMBER_OBJECT_CONVERSION = YES_AGGRESSIVE;
				CLANG_CXX_LANGUAGE_STANDARD = "gnu++14";
				CLANG_CXX_LIBRARY = "libc++";
				CLANG_ENABLE_MODULES = YES;
				CLANG_ENABLE_OBJC_ARC = YES;
				CLANG_ENABLE_OBJC_WEAK = YES;
				CLANG_WARN_BLOCK_CAPTURE_AUTORELEASING = YES;
				CLANG_WARN_BOOL_CONVERSION = YES;
				CLANG_WARN_COMMA = YES;
				CLANG_WARN_CONSTANT_CONVERSION = YES;
				CLANG_WARN_DEPRECATED_OBJC_IMPLEMENTATIONS = YES;
				CLANG_WARN_DIRECT_OBJC_ISA_USAGE = YES_ERROR;
				CLANG_WARN_DOCUMENTATION_COMMENTS = YES;
				CLANG_WARN_EMPTY_BODY = YES;
				CLANG_WARN_ENUM_CONVERSION = YES;
				CLANG_WARN_INFINITE_RECURSION = YES;
				CLANG_WARN_INT_CONVERSION = YES;
				CLANG_WARN_NON_LITERAL_NULL_CONVERSION = YES;
				CLANG_WARN_OBJC_IMPLICIT_RETAIN_SELF = YES;
				CLANG_WARN_OBJC_LITERAL_CONVERSION = YES;
				CLANG_WARN_OBJC_ROOT_CLASS = YES_ERROR;
				CLANG_WARN_RANGE_LOOP_ANALYSIS = YES;
				CLANG_WARN_STRICT_PROTOTYPES = YES;
				CLANG_WARN_SUSPICIOUS_MOVE = YES;
				CLANG_WARN_UNGUARDED_AVAILABILITY = YES_AGGRESSIVE;
				CLANG_WARN_UNREACHABLE_CODE = YES;
				CLANG_WARN__DUPLICATE_METHOD_MATCH = YES;
				CODE_SIGN_IDENTITY = "iPhone Developer";
				COPY_PHASE_STRIP = NO;
				DEBUG_INFORMATION_FORMAT = dwarf;
				ENABLE_STRICT_OBJC_MSGSEND = YES;
				ENABLE_TESTABILITY = YES;
				GCC_C_LANGUAGE_STANDARD = gnu11;
				GCC_DYNAMIC_NO_PIC = NO;
				GCC_NO_COMMON_BLOCKS = YES;
				GCC_OPTIMIZATION_LEVEL = 0;
				GCC_PREPROCESSOR_DEFINITIONS = (
					"DEBUG=1",
					"$(inherited)",
				);
				GCC_WARN_64_TO_32_BIT_CONVERSION = YES;
				GCC_WARN_ABOUT_RETURN_TYPE = YES_ERROR;
				GCC_WARN_UNDECLARED_SELECTOR = YES;
				GCC_WARN_UNINITIALIZED_AUTOS = YES_AGGRESSIVE;
				GCC_WARN_UNUSED_FUNCTION = YES;
				GCC_WARN_UNUSED_VARIABLE = YES;
				IPHONEOS_DEPLOYMENT_TARGET = 12.1;
				MTL_ENABLE_DEBUG_INFO = INCLUDE_SOURCE;
				MTL_FAST_MATH = YES;
				ONLY_ACTIVE_ARCH = YES;
				SDKROOT = iphoneos;
				SWIFT_ACTIVE_COMPILATION_CONDITIONS = DEBUG;
				SWIFT_OPTIMIZATION_LEVEL = "-Onone";
			};
			name = Debug;
		};
		EBEDCFB221B68F6900979618 /* Release */ = {
			isa = XCBuildConfiguration;
			buildSettings = {
				ALWAYS_SEARCH_USER_PATHS = NO;
				CLANG_ANALYZER_NONNULL = YES;
				CLANG_ANALYZER_NUMBER_OBJECT_CONVERSION = YES_AGGRESSIVE;
				CLANG_CXX_LANGUAGE_STANDARD = "gnu++14";
				CLANG_CXX_LIBRARY = "libc++";
				CLANG_ENABLE_MODULES = YES;
				CLANG_ENABLE_OBJC_ARC = YES;
				CLANG_ENABLE_OBJC_WEAK = YES;
				CLANG_WARN_BLOCK_CAPTURE_AUTORELEASING = YES;
				CLANG_WARN_BOOL_CONVERSION = YES;
				CLANG_WARN_COMMA = YES;
				CLANG_WARN_CONSTANT_CONVERSION = YES;
				CLANG_WARN_DEPRECATED_OBJC_IMPLEMENTATIONS = YES;
				CLANG_WARN_DIRECT_OBJC_ISA_USAGE = YES_ERROR;
				CLANG_WARN_DOCUMENTATION_COMMENTS = YES;
				CLANG_WARN_EMPTY_BODY = YES;
				CLANG_WARN_ENUM_CONVERSION = YES;
				CLANG_WARN_INFINITE_RECURSION = YES;
				CLANG_WARN_INT_CONVERSION = YES;
				CLANG_WARN_NON_LITERAL_NULL_CONVERSION = YES;
				CLANG_WARN_OBJC_IMPLICIT_RETAIN_SELF = YES;
				CLANG_WARN_OBJC_LITERAL_CONVERSION = YES;
				CLANG_WARN_OBJC_ROOT_CLASS = YES_ERROR;
				CLANG_WARN_RANGE_LOOP_ANALYSIS = YES;
				CLANG_WARN_STRICT_PROTOTYPES = YES;
				CLANG_WARN_SUSPICIOUS_MOVE = YES;
				CLANG_WARN_UNGUARDED_AVAILABILITY = YES_AGGRESSIVE;
				CLANG_WARN_UNREACHABLE_CODE = YES;
				CLANG_WARN__DUPLICATE_METHOD_MATCH = YES;
				CODE_SIGN_IDENTITY = "iPhone Developer";
				COPY_PHASE_STRIP = NO;
				DEBUG_INFORMATION_FORMAT = "dwarf-with-dsym";
				ENABLE_NS_ASSERTIONS = NO;
				ENABLE_STRICT_OBJC_MSGSEND = YES;
				GCC_C_LANGUAGE_STANDARD = gnu11;
				GCC_NO_COMMON_BLOCKS = YES;
				GCC_WARN_64_TO_32_BIT_CONVERSION = YES;
				GCC_WARN_ABOUT_RETURN_TYPE = YES_ERROR;
				GCC_WARN_UNDECLARED_SELECTOR = YES;
				GCC_WARN_UNINITIALIZED_AUTOS = YES_AGGRESSIVE;
				GCC_WARN_UNUSED_FUNCTION = YES;
				GCC_WARN_UNUSED_VARIABLE = YES;
				IPHONEOS_DEPLOYMENT_TARGET = 12.1;
				MTL_ENABLE_DEBUG_INFO = NO;
				MTL_FAST_MATH = YES;
				SDKROOT = iphoneos;
				SWIFT_COMPILATION_MODE = wholemodule;
				SWIFT_OPTIMIZATION_LEVEL = "-O";
				VALIDATE_PRODUCT = YES;
			};
			name = Release;
		};
		EBEDCFB421B68F6900979618 /* Debug */ = {
			isa = XCBuildConfiguration;
			buildSettings = {
				ASSETCATALOG_COMPILER_APPICON_NAME = AppIcon;
				CODE_SIGN_STYLE = Automatic;
				INFOPLIST_FILE = incredibleMovie/Info.plist;
				LD_RUNPATH_SEARCH_PATHS = (
					"$(inherited)",
					"@executable_path/Frameworks",
				);
				PRODUCT_BUNDLE_IDENTIFIER = com.sgr.incredible.movie.incredibleMovie;
				PRODUCT_NAME = "$(TARGET_NAME)";
				SWIFT_VERSION = 4.2;
				TARGETED_DEVICE_FAMILY = "1,2";
			};
			name = Debug;
		};
		EBEDCFB521B68F6900979618 /* Release */ = {
			isa = XCBuildConfiguration;
			buildSettings = {
				ASSETCATALOG_COMPILER_APPICON_NAME = AppIcon;
				CODE_SIGN_STYLE = Automatic;
				INFOPLIST_FILE = incredibleMovie/Info.plist;
				LD_RUNPATH_SEARCH_PATHS = (
					"$(inherited)",
					"@executable_path/Frameworks",
				);
				PRODUCT_BUNDLE_IDENTIFIER = com.sgr.incredible.movie.incredibleMovie;
				PRODUCT_NAME = "$(TARGET_NAME)";
				SWIFT_VERSION = 4.2;
				TARGETED_DEVICE_FAMILY = "1,2";
			};
			name = Release;
		};
		EBEDCFB721B68F6900979618 /* Debug */ = {
			isa = XCBuildConfiguration;
			buildSettings = {
				ALWAYS_EMBED_SWIFT_STANDARD_LIBRARIES = YES;
				BUNDLE_LOADER = "$(TEST_HOST)";
				CODE_SIGN_STYLE = Automatic;
				INFOPLIST_FILE = incredibleMovieTests/Info.plist;
				LD_RUNPATH_SEARCH_PATHS = (
					"$(inherited)",
					"@executable_path/Frameworks",
					"@loader_path/Frameworks",
				);
				PRODUCT_BUNDLE_IDENTIFIER = com.sgr.incredible.movie.incredibleMovieTests;
				PRODUCT_NAME = "$(TARGET_NAME)";
				SWIFT_VERSION = 4.2;
				TARGETED_DEVICE_FAMILY = "1,2";
				TEST_HOST = "$(BUILT_PRODUCTS_DIR)/incredibleMovie.app/incredibleMovie";
			};
			name = Debug;
		};
		EBEDCFB821B68F6900979618 /* Release */ = {
			isa = XCBuildConfiguration;
			buildSettings = {
				ALWAYS_EMBED_SWIFT_STANDARD_LIBRARIES = YES;
				BUNDLE_LOADER = "$(TEST_HOST)";
				CODE_SIGN_STYLE = Automatic;
				INFOPLIST_FILE = incredibleMovieTests/Info.plist;
				LD_RUNPATH_SEARCH_PATHS = (
					"$(inherited)",
					"@executable_path/Frameworks",
					"@loader_path/Frameworks",
				);
				PRODUCT_BUNDLE_IDENTIFIER = com.sgr.incredible.movie.incredibleMovieTests;
				PRODUCT_NAME = "$(TARGET_NAME)";
				SWIFT_VERSION = 4.2;
				TARGETED_DEVICE_FAMILY = "1,2";
				TEST_HOST = "$(BUILT_PRODUCTS_DIR)/incredibleMovie.app/incredibleMovie";
			};
			name = Release;
		};
/* End XCBuildConfiguration section */

/* Begin XCConfigurationList section */
		EBEDCF9121B68F6800979618 /* Build configuration list for PBXProject "incredibleMovie" */ = {
			isa = XCConfigurationList;
			buildConfigurations = (
				EBEDCFB121B68F6900979618 /* Debug */,
				EBEDCFB221B68F6900979618 /* Release */,
			);
			defaultConfigurationIsVisible = 0;
			defaultConfigurationName = Release;
		};
		EBEDCFB321B68F6900979618 /* Build configuration list for PBXNativeTarget "incredibleMovie" */ = {
			isa = XCConfigurationList;
			buildConfigurations = (
				EBEDCFB421B68F6900979618 /* Debug */,
				EBEDCFB521B68F6900979618 /* Release */,
			);
			defaultConfigurationIsVisible = 0;
			defaultConfigurationName = Release;
		};
		EBEDCFB621B68F6900979618 /* Build configuration list for PBXNativeTarget "incredibleMovieTests" */ = {
			isa = XCConfigurationList;
			buildConfigurations = (
				EBEDCFB721B68F6900979618 /* Debug */,
				EBEDCFB821B68F6900979618 /* Release */,
			);
			defaultConfigurationIsVisible = 0;
			defaultConfigurationName = Release;
		};
/* End XCConfigurationList section */
	};
	rootObject = EBEDCF8E21B68F6800979618 /* Project object */;
}
