// !$*UTF8*$!
{
	archiveVersion = 1;
	classes = {
	};
	objectVersion = 50;
	objects = {

/* Begin PBXBuildFile section */
		37CB3B5466EAA4784F9A9E81 /* Pods_incredibleMovieTests.framework in Frameworks */ = {isa = PBXBuildFile; fileRef = B0BBDA8D99AF024511242600 /* Pods_incredibleMovieTests.framework */; };
		8E90AF9662317521E37E74C8 /* Pods_incredibleMovie.framework in Frameworks */ = {isa = PBXBuildFile; fileRef = 6CDA4D27445C1A21FE67855B /* Pods_incredibleMovie.framework */; };
		EB45280921B691F200213B21 /* APIConstants.swift in Sources */ = {isa = PBXBuildFile; fileRef = EB45280821B691F200213B21 /* APIConstants.swift */; };
		EB45280B21B6923C00213B21 /* APIClient.swift in Sources */ = {isa = PBXBuildFile; fileRef = EB45280A21B6923C00213B21 /* APIClient.swift */; };
		EB45280D21B6925100213B21 /* APIRouter.swift in Sources */ = {isa = PBXBuildFile; fileRef = EB45280C21B6925100213B21 /* APIRouter.swift */; };
		EB45281221B6AEC300213B21 /* APIErrors.swift in Sources */ = {isa = PBXBuildFile; fileRef = EB45281121B6AEC300213B21 /* APIErrors.swift */; };
		EB45281A21B6B10600213B21 /* DashboardEntities.swift in Sources */ = {isa = PBXBuildFile; fileRef = EB45281921B6B10600213B21 /* DashboardEntities.swift */; };
		EB45281E21B6B65800213B21 /* DashboardPresenter.swift in Sources */ = {isa = PBXBuildFile; fileRef = EB45281D21B6B65800213B21 /* DashboardPresenter.swift */; };
		EB45282021B6B66500213B21 /* DashboardInteractor.swift in Sources */ = {isa = PBXBuildFile; fileRef = EB45281F21B6B66500213B21 /* DashboardInteractor.swift */; };
		EB45282221B6B67100213B21 /* DashboardRouter.swift in Sources */ = {isa = PBXBuildFile; fileRef = EB45282121B6B67100213B21 /* DashboardRouter.swift */; };
		EB45282421B6B68000213B21 /* DashboardProtocols.swift in Sources */ = {isa = PBXBuildFile; fileRef = EB45282321B6B68000213B21 /* DashboardProtocols.swift */; };
		EB45282721B6B6CB00213B21 /* DashboardViewController.swift in Sources */ = {isa = PBXBuildFile; fileRef = EB45282521B6B6CB00213B21 /* DashboardViewController.swift */; };
		EB45282C21B6BD0000213B21 /* MovieViewCell.swift in Sources */ = {isa = PBXBuildFile; fileRef = EB45282A21B6BD0000213B21 /* MovieViewCell.swift */; };
		EB45283521B702E200213B21 /* DetailViewController.swift in Sources */ = {isa = PBXBuildFile; fileRef = EB45283421B702E200213B21 /* DetailViewController.swift */; };
		EB45283721B702F300213B21 /* DetailPresenter.swift in Sources */ = {isa = PBXBuildFile; fileRef = EB45283621B702F300213B21 /* DetailPresenter.swift */; };
		EB45283921B7030000213B21 /* DetailInteractor.swift in Sources */ = {isa = PBXBuildFile; fileRef = EB45283821B7030000213B21 /* DetailInteractor.swift */; };
		EB45283B21B7030D00213B21 /* DetailEntities.swift in Sources */ = {isa = PBXBuildFile; fileRef = EB45283A21B7030D00213B21 /* DetailEntities.swift */; };
		EB45283D21B7031800213B21 /* DetailRouter.swift in Sources */ = {isa = PBXBuildFile; fileRef = EB45283C21B7031800213B21 /* DetailRouter.swift */; };
		EB45283F21B7035700213B21 /* DetailProtocols.swift in Sources */ = {isa = PBXBuildFile; fileRef = EB45283E21B7035700213B21 /* DetailProtocols.swift */; };
		EB45284221B7043500213B21 /* UIStoryboard.swift in Sources */ = {isa = PBXBuildFile; fileRef = EB45284121B7043500213B21 /* UIStoryboard.swift */; };
		EB94177221B7FD5200B5C845 /* FilterViewModel.swift in Sources */ = {isa = PBXBuildFile; fileRef = EB94177121B7FD5200B5C845 /* FilterViewModel.swift */; };
		EB94177421B7FD9100B5C845 /* FilterView.swift in Sources */ = {isa = PBXBuildFile; fileRef = EB94177321B7FD9100B5C845 /* FilterView.swift */; };
		EB94177621B7FDD700B5C845 /* FilterView.xib in Resources */ = {isa = PBXBuildFile; fileRef = EB94177521B7FDD700B5C845 /* FilterView.xib */; };
		EB94177921B8338800B5C845 /* MovieCellModel.swift in Sources */ = {isa = PBXBuildFile; fileRef = EB94177821B8338800B5C845 /* MovieCellModel.swift */; };
		EB94177C21B86EF200B5C845 /* loader.json in Resources */ = {isa = PBXBuildFile; fileRef = EB94177B21B86EF200B5C845 /* loader.json */; };
		EB94177E21B8700100B5C845 /* LoadingView.xib in Resources */ = {isa = PBXBuildFile; fileRef = EB94177D21B8700100B5C845 /* LoadingView.xib */; };
		EB94178021B8707600B5C845 /* LoadingView.swift in Sources */ = {isa = PBXBuildFile; fileRef = EB94177F21B8707600B5C845 /* LoadingView.swift */; };
		EB94178221B8A17100B5C845 /* FilterResources.swift in Sources */ = {isa = PBXBuildFile; fileRef = EB94178121B8A17100B5C845 /* FilterResources.swift */; };
		EB94178421B8A58F00B5C845 /* LoadingResources.swift in Sources */ = {isa = PBXBuildFile; fileRef = EB94178321B8A58F00B5C845 /* LoadingResources.swift */; };
		EB94178721B92AC100B5C845 /* ErrorProtocols.swift in Sources */ = {isa = PBXBuildFile; fileRef = EB94178621B92AC100B5C845 /* ErrorProtocols.swift */; };
		EB94178E21B92B4E00B5C845 /* ErrorViewController.swift in Sources */ = {isa = PBXBuildFile; fileRef = EB94178D21B92B4E00B5C845 /* ErrorViewController.swift */; };
		EB94179021B92B6100B5C845 /* ErrorPresenter.swift in Sources */ = {isa = PBXBuildFile; fileRef = EB94178F21B92B6100B5C845 /* ErrorPresenter.swift */; };
		EB94179421B92B7700B5C845 /* ErrorEntities.swift in Sources */ = {isa = PBXBuildFile; fileRef = EB94179321B92B7700B5C845 /* ErrorEntities.swift */; };
		EB94179621B92B8100B5C845 /* ErrorRouter.swift in Sources */ = {isa = PBXBuildFile; fileRef = EB94179521B92B8100B5C845 /* ErrorRouter.swift */; };
		EB94179921B92BE000B5C845 /* ErrorResources.swift in Sources */ = {isa = PBXBuildFile; fileRef = EB94179821B92BE000B5C845 /* ErrorResources.swift */; };
		EB94179B21B9322B00B5C845 /* oops.json in Resources */ = {isa = PBXBuildFile; fileRef = EB94179A21B9322B00B5C845 /* oops.json */; };
		EBEDCF9A21B68F6800979618 /* AppDelegate.swift in Sources */ = {isa = PBXBuildFile; fileRef = EBEDCF9921B68F6800979618 /* AppDelegate.swift */; };
		EBEDCF9C21B68F6800979618 /* ViewController.swift in Sources */ = {isa = PBXBuildFile; fileRef = EBEDCF9B21B68F6800979618 /* ViewController.swift */; };
		EBEDCF9F21B68F6800979618 /* Main.storyboard in Resources */ = {isa = PBXBuildFile; fileRef = EBEDCF9D21B68F6800979618 /* Main.storyboard */; };
		EBEDCFA121B68F6900979618 /* Assets.xcassets in Resources */ = {isa = PBXBuildFile; fileRef = EBEDCFA021B68F6900979618 /* Assets.xcassets */; };
		EBEDCFA421B68F6900979618 /* LaunchScreen.storyboard in Resources */ = {isa = PBXBuildFile; fileRef = EBEDCFA221B68F6900979618 /* LaunchScreen.storyboard */; };
		EBEDCFAF21B68F6900979618 /* incredibleMovieTests.swift in Sources */ = {isa = PBXBuildFile; fileRef = EBEDCFAE21B68F6900979618 /* incredibleMovieTests.swift */; };
/* End PBXBuildFile section */

/* Begin PBXContainerItemProxy section */
		EBEDCFAB21B68F6900979618 /* PBXContainerItemProxy */ = {
			isa = PBXContainerItemProxy;
			containerPortal = EBEDCF8E21B68F6800979618 /* Project object */;
			proxyType = 1;
			remoteGlobalIDString = EBEDCF9521B68F6800979618;
			remoteInfo = incredibleMovie;
		};
/* End PBXContainerItemProxy section */

/* Begin PBXFileReference section */
		03D4FB5C15A65E97785E4BCC /* Pods-incredibleMovie.release.xcconfig */ = {isa = PBXFileReference; includeInIndex = 1; lastKnownFileType = text.xcconfig; name = "Pods-incredibleMovie.release.xcconfig"; path = "Pods/Target Support Files/Pods-incredibleMovie/Pods-incredibleMovie.release.xcconfig"; sourceTree = "<group>"; };
		6CDA4D27445C1A21FE67855B /* Pods_incredibleMovie.framework */ = {isa = PBXFileReference; explicitFileType = wrapper.framework; includeInIndex = 0; path = Pods_incredibleMovie.framework; sourceTree = BUILT_PRODUCTS_DIR; };
		71E70DF346CB706A155EDB05 /* Pods-incredibleMovieTests.release.xcconfig */ = {isa = PBXFileReference; includeInIndex = 1; lastKnownFileType = text.xcconfig; name = "Pods-incredibleMovieTests.release.xcconfig"; path = "Pods/Target Support Files/Pods-incredibleMovieTests/Pods-incredibleMovieTests.release.xcconfig"; sourceTree = "<group>"; };
		A7D88171DDBC3AF4749CFA60 /* Pods-incredibleMovieTests.debug.xcconfig */ = {isa = PBXFileReference; includeInIndex = 1; lastKnownFileType = text.xcconfig; name = "Pods-incredibleMovieTests.debug.xcconfig"; path = "Pods/Target Support Files/Pods-incredibleMovieTests/Pods-incredibleMovieTests.debug.xcconfig"; sourceTree = "<group>"; };
		B0BBDA8D99AF024511242600 /* Pods_incredibleMovieTests.framework */ = {isa = PBXFileReference; explicitFileType = wrapper.framework; includeInIndex = 0; path = Pods_incredibleMovieTests.framework; sourceTree = BUILT_PRODUCTS_DIR; };
		C2D11508D5EF982D2D84B372 /* Pods-incredibleMovie.debug.xcconfig */ = {isa = PBXFileReference; includeInIndex = 1; lastKnownFileType = text.xcconfig; name = "Pods-incredibleMovie.debug.xcconfig"; path = "Pods/Target Support Files/Pods-incredibleMovie/Pods-incredibleMovie.debug.xcconfig"; sourceTree = "<group>"; };
		EB45280821B691F200213B21 /* APIConstants.swift */ = {isa = PBXFileReference; lastKnownFileType = sourcecode.swift; path = APIConstants.swift; sourceTree = "<group>"; };
		EB45280A21B6923C00213B21 /* APIClient.swift */ = {isa = PBXFileReference; lastKnownFileType = sourcecode.swift; path = APIClient.swift; sourceTree = "<group>"; };
		EB45280C21B6925100213B21 /* APIRouter.swift */ = {isa = PBXFileReference; lastKnownFileType = sourcecode.swift; path = APIRouter.swift; sourceTree = "<group>"; };
		EB45281121B6AEC300213B21 /* APIErrors.swift */ = {isa = PBXFileReference; lastKnownFileType = sourcecode.swift; path = APIErrors.swift; sourceTree = "<group>"; };
		EB45281921B6B10600213B21 /* DashboardEntities.swift */ = {isa = PBXFileReference; lastKnownFileType = sourcecode.swift; path = DashboardEntities.swift; sourceTree = "<group>"; };
		EB45281D21B6B65800213B21 /* DashboardPresenter.swift */ = {isa = PBXFileReference; lastKnownFileType = sourcecode.swift; path = DashboardPresenter.swift; sourceTree = "<group>"; };
		EB45281F21B6B66500213B21 /* DashboardInteractor.swift */ = {isa = PBXFileReference; lastKnownFileType = sourcecode.swift; path = DashboardInteractor.swift; sourceTree = "<group>"; };
		EB45282121B6B67100213B21 /* DashboardRouter.swift */ = {isa = PBXFileReference; lastKnownFileType = sourcecode.swift; path = DashboardRouter.swift; sourceTree = "<group>"; };
		EB45282321B6B68000213B21 /* DashboardProtocols.swift */ = {isa = PBXFileReference; lastKnownFileType = sourcecode.swift; path = DashboardProtocols.swift; sourceTree = "<group>"; };
		EB45282521B6B6CB00213B21 /* DashboardViewController.swift */ = {isa = PBXFileReference; lastKnownFileType = sourcecode.swift; path = DashboardViewController.swift; sourceTree = "<group>"; };
		EB45282A21B6BD0000213B21 /* MovieViewCell.swift */ = {isa = PBXFileReference; lastKnownFileType = sourcecode.swift; path = MovieViewCell.swift; sourceTree = "<group>"; };
		EB45283421B702E200213B21 /* DetailViewController.swift */ = {isa = PBXFileReference; lastKnownFileType = sourcecode.swift; path = DetailViewController.swift; sourceTree = "<group>"; };
		EB45283621B702F300213B21 /* DetailPresenter.swift */ = {isa = PBXFileReference; lastKnownFileType = sourcecode.swift; path = DetailPresenter.swift; sourceTree = "<group>"; };
		EB45283821B7030000213B21 /* DetailInteractor.swift */ = {isa = PBXFileReference; lastKnownFileType = sourcecode.swift; path = DetailInteractor.swift; sourceTree = "<group>"; };
		EB45283A21B7030D00213B21 /* DetailEntities.swift */ = {isa = PBXFileReference; lastKnownFileType = sourcecode.swift; path = DetailEntities.swift; sourceTree = "<group>"; };
		EB45283C21B7031800213B21 /* DetailRouter.swift */ = {isa = PBXFileReference; lastKnownFileType = sourcecode.swift; path = DetailRouter.swift; sourceTree = "<group>"; };
		EB45283E21B7035700213B21 /* DetailProtocols.swift */ = {isa = PBXFileReference; lastKnownFileType = sourcecode.swift; path = DetailProtocols.swift; sourceTree = "<group>"; };
		EB45284121B7043500213B21 /* UIStoryboard.swift */ = {isa = PBXFileReference; lastKnownFileType = sourcecode.swift; path = UIStoryboard.swift; sourceTree = "<group>"; };
		EB94177121B7FD5200B5C845 /* FilterViewModel.swift */ = {isa = PBXFileReference; lastKnownFileType = sourcecode.swift; path = FilterViewModel.swift; sourceTree = "<group>"; };
		EB94177321B7FD9100B5C845 /* FilterView.swift */ = {isa = PBXFileReference; lastKnownFileType = sourcecode.swift; path = FilterView.swift; sourceTree = "<group>"; };
		EB94177521B7FDD700B5C845 /* FilterView.xib */ = {isa = PBXFileReference; lastKnownFileType = file.xib; path = FilterView.xib; sourceTree = "<group>"; };
		EB94177821B8338800B5C845 /* MovieCellModel.swift */ = {isa = PBXFileReference; lastKnownFileType = sourcecode.swift; path = MovieCellModel.swift; sourceTree = "<group>"; };
		EB94177B21B86EF200B5C845 /* loader.json */ = {isa = PBXFileReference; fileEncoding = 4; lastKnownFileType = text.json; path = loader.json; sourceTree = "<group>"; };
		EB94177D21B8700100B5C845 /* LoadingView.xib */ = {isa = PBXFileReference; lastKnownFileType = file.xib; path = LoadingView.xib; sourceTree = "<group>"; };
		EB94177F21B8707600B5C845 /* LoadingView.swift */ = {isa = PBXFileReference; lastKnownFileType = sourcecode.swift; path = LoadingView.swift; sourceTree = "<group>"; };
		EB94178121B8A17100B5C845 /* FilterResources.swift */ = {isa = PBXFileReference; lastKnownFileType = sourcecode.swift; path = FilterResources.swift; sourceTree = "<group>"; };
		EB94178321B8A58F00B5C845 /* LoadingResources.swift */ = {isa = PBXFileReference; lastKnownFileType = sourcecode.swift; path = LoadingResources.swift; sourceTree = "<group>"; };
		EB94178621B92AC100B5C845 /* ErrorProtocols.swift */ = {isa = PBXFileReference; lastKnownFileType = sourcecode.swift; path = ErrorProtocols.swift; sourceTree = "<group>"; };
		EB94178D21B92B4E00B5C845 /* ErrorViewController.swift */ = {isa = PBXFileReference; lastKnownFileType = sourcecode.swift; path = ErrorViewController.swift; sourceTree = "<group>"; };
		EB94178F21B92B6100B5C845 /* ErrorPresenter.swift */ = {isa = PBXFileReference; lastKnownFileType = sourcecode.swift; path = ErrorPresenter.swift; sourceTree = "<group>"; };
		EB94179321B92B7700B5C845 /* ErrorEntities.swift */ = {isa = PBXFileReference; lastKnownFileType = sourcecode.swift; path = ErrorEntities.swift; sourceTree = "<group>"; };
		EB94179521B92B8100B5C845 /* ErrorRouter.swift */ = {isa = PBXFileReference; lastKnownFileType = sourcecode.swift; path = ErrorRouter.swift; sourceTree = "<group>"; };
		EB94179821B92BE000B5C845 /* ErrorResources.swift */ = {isa = PBXFileReference; lastKnownFileType = sourcecode.swift; path = ErrorResources.swift; sourceTree = "<group>"; };
		EB94179A21B9322B00B5C845 /* oops.json */ = {isa = PBXFileReference; fileEncoding = 4; lastKnownFileType = text.json; path = oops.json; sourceTree = "<group>"; };
		EBEDCF9621B68F6800979618 /* incredibleMovie.app */ = {isa = PBXFileReference; explicitFileType = wrapper.application; includeInIndex = 0; path = incredibleMovie.app; sourceTree = BUILT_PRODUCTS_DIR; };
		EBEDCF9921B68F6800979618 /* AppDelegate.swift */ = {isa = PBXFileReference; lastKnownFileType = sourcecode.swift; path = AppDelegate.swift; sourceTree = "<group>"; };
		EBEDCF9B21B68F6800979618 /* ViewController.swift */ = {isa = PBXFileReference; lastKnownFileType = sourcecode.swift; path = ViewController.swift; sourceTree = "<group>"; };
		EBEDCF9E21B68F6800979618 /* Base */ = {isa = PBXFileReference; lastKnownFileType = file.storyboard; name = Base; path = Base.lproj/Main.storyboard; sourceTree = "<group>"; };
		EBEDCFA021B68F6900979618 /* Assets.xcassets */ = {isa = PBXFileReference; lastKnownFileType = folder.assetcatalog; path = Assets.xcassets; sourceTree = "<group>"; };
		EBEDCFA321B68F6900979618 /* Base */ = {isa = PBXFileReference; lastKnownFileType = file.storyboard; name = Base; path = Base.lproj/LaunchScreen.storyboard; sourceTree = "<group>"; };
		EBEDCFA521B68F6900979618 /* Info.plist */ = {isa = PBXFileReference; lastKnownFileType = text.plist.xml; path = Info.plist; sourceTree = "<group>"; };
		EBEDCFAA21B68F6900979618 /* incredibleMovieTests.xctest */ = {isa = PBXFileReference; explicitFileType = wrapper.cfbundle; includeInIndex = 0; path = incredibleMovieTests.xctest; sourceTree = BUILT_PRODUCTS_DIR; };
		EBEDCFAE21B68F6900979618 /* incredibleMovieTests.swift */ = {isa = PBXFileReference; lastKnownFileType = sourcecode.swift; path = incredibleMovieTests.swift; sourceTree = "<group>"; };
		EBEDCFB021B68F6900979618 /* Info.plist */ = {isa = PBXFileReference; lastKnownFileType = text.plist.xml; path = Info.plist; sourceTree = "<group>"; };
/* End PBXFileReference section */

/* Begin PBXFrameworksBuildPhase section */
		EBEDCF9321B68F6800979618 /* Frameworks */ = {
			isa = PBXFrameworksBuildPhase;
			buildActionMask = 2147483647;
			files = (
				8E90AF9662317521E37E74C8 /* Pods_incredibleMovie.framework in Frameworks */,
			);
			runOnlyForDeploymentPostprocessing = 0;
		};
		EBEDCFA721B68F6900979618 /* Frameworks */ = {
			isa = PBXFrameworksBuildPhase;
			buildActionMask = 2147483647;
			files = (
				37CB3B5466EAA4784F9A9E81 /* Pods_incredibleMovieTests.framework in Frameworks */,
			);
			runOnlyForDeploymentPostprocessing = 0;
		};
/* End PBXFrameworksBuildPhase section */

/* Begin PBXGroup section */
		A4B8268B6BBC83385D84B824 /* Frameworks */ = {
			isa = PBXGroup;
			children = (
				6CDA4D27445C1A21FE67855B /* Pods_incredibleMovie.framework */,
				B0BBDA8D99AF024511242600 /* Pods_incredibleMovieTests.framework */,
			);
			name = Frameworks;
			sourceTree = "<group>";
		};
		E70C84DC8EF2F8A4B5619DF5 /* Pods */ = {
			isa = PBXGroup;
			children = (
				C2D11508D5EF982D2D84B372 /* Pods-incredibleMovie.debug.xcconfig */,
				03D4FB5C15A65E97785E4BCC /* Pods-incredibleMovie.release.xcconfig */,
				A7D88171DDBC3AF4749CFA60 /* Pods-incredibleMovieTests.debug.xcconfig */,
				71E70DF346CB706A155EDB05 /* Pods-incredibleMovieTests.release.xcconfig */,
			);
			name = Pods;
			sourceTree = "<group>";
		};
		EB45281321B6B0AB00213B21 /* DashboardScene */ = {
			isa = PBXGroup;
			children = (
				EB45282321B6B68000213B21 /* DashboardProtocols.swift */,
				EB45281821B6B0F900213B21 /* View */,
				EB45281721B6B0F200213B21 /* Presenter */,
				EB45281621B6B0EA00213B21 /* Interactor */,
				EB45281521B6B0E200213B21 /* Entities */,
				EB45281421B6B0D700213B21 /* Router */,
			);
			path = DashboardScene;
			sourceTree = "<group>";
		};
		EB45281421B6B0D700213B21 /* Router */ = {
			isa = PBXGroup;
			children = (
				EB45282121B6B67100213B21 /* DashboardRouter.swift */,
			);
			path = Router;
			sourceTree = "<group>";
		};
		EB45281521B6B0E200213B21 /* Entities */ = {
			isa = PBXGroup;
			children = (
				EB45281921B6B10600213B21 /* DashboardEntities.swift */,
			);
			path = Entities;
			sourceTree = "<group>";
		};
		EB45281621B6B0EA00213B21 /* Interactor */ = {
			isa = PBXGroup;
			children = (
				EB45281F21B6B66500213B21 /* DashboardInteractor.swift */,
			);
			path = Interactor;
			sourceTree = "<group>";
		};
		EB45281721B6B0F200213B21 /* Presenter */ = {
			isa = PBXGroup;
			children = (
				EB45281D21B6B65800213B21 /* DashboardPresenter.swift */,
			);
			path = Presenter;
			sourceTree = "<group>";
		};
		EB45281821B6B0F900213B21 /* View */ = {
			isa = PBXGroup;
			children = (
				EB45282521B6B6CB00213B21 /* DashboardViewController.swift */,
			);
			path = View;
			sourceTree = "<group>";
		};
		EB45282921B6BCBC00213B21 /* Components */ = {
			isa = PBXGroup;
			children = (
				EB94177A21B86E2100B5C845 /* LoadingView */,
				EB94177021B7FD3A00B5C845 /* FilterView */,
				EB94177721B8334A00B5C845 /* MovieViewCell */,
			);
			path = Components;
			sourceTree = "<group>";
		};
		EB45282E21B6FEDE00213B21 /* DetailScene */ = {
			isa = PBXGroup;
			children = (
				EB45283E21B7035700213B21 /* DetailProtocols.swift */,
				EB45283021B6FEDE00213B21 /* View */,
				EB45282F21B6FEDE00213B21 /* Presenter */,
				EB45283121B6FEDE00213B21 /* Interactor */,
				EB45283221B6FEDE00213B21 /* Entities */,
				EB45283321B6FEDE00213B21 /* Router */,
			);
			path = DetailScene;
			sourceTree = "<group>";
		};
		EB45282F21B6FEDE00213B21 /* Presenter */ = {
			isa = PBXGroup;
			children = (
				EB45283621B702F300213B21 /* DetailPresenter.swift */,
			);
			path = Presenter;
			sourceTree = "<group>";
		};
		EB45283021B6FEDE00213B21 /* View */ = {
			isa = PBXGroup;
			children = (
				EB45283421B702E200213B21 /* DetailViewController.swift */,
			);
			path = View;
			sourceTree = "<group>";
		};
		EB45283121B6FEDE00213B21 /* Interactor */ = {
			isa = PBXGroup;
			children = (
				EB45283821B7030000213B21 /* DetailInteractor.swift */,
			);
			path = Interactor;
			sourceTree = "<group>";
		};
		EB45283221B6FEDE00213B21 /* Entities */ = {
			isa = PBXGroup;
			children = (
				EB45283A21B7030D00213B21 /* DetailEntities.swift */,
			);
			path = Entities;
			sourceTree = "<group>";
		};
		EB45283321B6FEDE00213B21 /* Router */ = {
			isa = PBXGroup;
			children = (
				EB45283C21B7031800213B21 /* DetailRouter.swift */,
			);
			path = Router;
			sourceTree = "<group>";
		};
		EB45284021B7041B00213B21 /* Extensions */ = {
			isa = PBXGroup;
			children = (
				EB45284121B7043500213B21 /* UIStoryboard.swift */,
			);
			path = Extensions;
			sourceTree = "<group>";
		};
		EB94177021B7FD3A00B5C845 /* FilterView */ = {
			isa = PBXGroup;
			children = (
				EB94178121B8A17100B5C845 /* FilterResources.swift */,
				EB94177121B7FD5200B5C845 /* FilterViewModel.swift */,
				EB94177321B7FD9100B5C845 /* FilterView.swift */,
				EB94177521B7FDD700B5C845 /* FilterView.xib */,
			);
			path = FilterView;
			sourceTree = "<group>";
		};
		EB94177721B8334A00B5C845 /* MovieViewCell */ = {
			isa = PBXGroup;
			children = (
				EB94177821B8338800B5C845 /* MovieCellModel.swift */,
				EB45282A21B6BD0000213B21 /* MovieViewCell.swift */,
			);
			path = MovieViewCell;
			sourceTree = "<group>";
		};
		EB94177A21B86E2100B5C845 /* LoadingView */ = {
			isa = PBXGroup;
			children = (
				EB94178321B8A58F00B5C845 /* LoadingResources.swift */,
				EB94177F21B8707600B5C845 /* LoadingView.swift */,
				EB94177D21B8700100B5C845 /* LoadingView.xib */,
				EB94177B21B86EF200B5C845 /* loader.json */,
			);
			path = LoadingView;
			sourceTree = "<group>";
		};
		EB94178521B92A6300B5C845 /* ErrorScene */ = {
			isa = PBXGroup;
			children = (
				EB94178621B92AC100B5C845 /* ErrorProtocols.swift */,
				EB94178C21B92B2300B5C845 /* View */,
				EB94178B21B92B1B00B5C845 /* Presenter */,
				EB94178921B92B0800B5C845 /* Entities */,
				EB94178821B92AFE00B5C845 /* Router */,
				EB94179721B92BD600B5C845 /* Resources */,
			);
			path = ErrorScene;
			sourceTree = "<group>";
		};
		EB94178821B92AFE00B5C845 /* Router */ = {
			isa = PBXGroup;
			children = (
				EB94179521B92B8100B5C845 /* ErrorRouter.swift */,
			);
			path = Router;
			sourceTree = "<group>";
		};
		EB94178921B92B0800B5C845 /* Entities */ = {
			isa = PBXGroup;
			children = (
				EB94179321B92B7700B5C845 /* ErrorEntities.swift */,
			);
			path = Entities;
			sourceTree = "<group>";
		};
		EB94178B21B92B1B00B5C845 /* Presenter */ = {
			isa = PBXGroup;
			children = (
				EB94178F21B92B6100B5C845 /* ErrorPresenter.swift */,
			);
			path = Presenter;
			sourceTree = "<group>";
		};
		EB94178C21B92B2300B5C845 /* View */ = {
			isa = PBXGroup;
			children = (
				EB94178D21B92B4E00B5C845 /* ErrorViewController.swift */,
			);
			path = View;
			sourceTree = "<group>";
		};
		EB94179721B92BD600B5C845 /* Resources */ = {
			isa = PBXGroup;
			children = (
				EB94179A21B9322B00B5C845 /* oops.json */,
				EB94179821B92BE000B5C845 /* ErrorResources.swift */,
			);
			path = Resources;
			sourceTree = "<group>";
		};
		EBEDCF8D21B68F6800979618 = {
			isa = PBXGroup;
			children = (
				EBEDCF9821B68F6800979618 /* incredibleMovie */,
				EBEDCFAD21B68F6900979618 /* incredibleMovieTests */,
				EBEDCF9721B68F6800979618 /* Products */,
				E70C84DC8EF2F8A4B5619DF5 /* Pods */,
				A4B8268B6BBC83385D84B824 /* Frameworks */,
			);
			sourceTree = "<group>";
		};
		EBEDCF9721B68F6800979618 /* Products */ = {
			isa = PBXGroup;
			children = (
				EBEDCF9621B68F6800979618 /* incredibleMovie.app */,
				EBEDCFAA21B68F6900979618 /* incredibleMovieTests.xctest */,
			);
			name = Products;
			sourceTree = "<group>";
		};
		EBEDCF9821B68F6800979618 /* incredibleMovie */ = {
			isa = PBXGroup;
			children = (
				EB45284021B7041B00213B21 /* Extensions */,
				EB45282921B6BCBC00213B21 /* Components */,
				EB94178521B92A6300B5C845 /* ErrorScene */,
				EB45281321B6B0AB00213B21 /* DashboardScene */,
				EB45282E21B6FEDE00213B21 /* DetailScene */,
				EBEDCFB921B6913700979618 /* Network */,
				EBEDCF9921B68F6800979618 /* AppDelegate.swift */,
				EBEDCF9B21B68F6800979618 /* ViewController.swift */,
				EBEDCF9D21B68F6800979618 /* Main.storyboard */,
				EBEDCFA021B68F6900979618 /* Assets.xcassets */,
				EBEDCFA221B68F6900979618 /* LaunchScreen.storyboard */,
				EBEDCFA521B68F6900979618 /* Info.plist */,
			);
			path = incredibleMovie;
			sourceTree = "<group>";
		};
		EBEDCFAD21B68F6900979618 /* incredibleMovieTests */ = {
			isa = PBXGroup;
			children = (
				EBEDCFAE21B68F6900979618 /* incredibleMovieTests.swift */,
				EBEDCFB021B68F6900979618 /* Info.plist */,
			);
			path = incredibleMovieTests;
			sourceTree = "<group>";
		};
		EBEDCFB921B6913700979618 /* Network */ = {
			isa = PBXGroup;
			children = (
				EB45280821B691F200213B21 /* APIConstants.swift */,
				EB45280C21B6925100213B21 /* APIRouter.swift */,
				EB45280A21B6923C00213B21 /* APIClient.swift */,
				EB45281121B6AEC300213B21 /* APIErrors.swift */,
			);
			path = Network;
			sourceTree = "<group>";
		};
/* End PBXGroup section */

/* Begin PBXNativeTarget section */
		EBEDCF9521B68F6800979618 /* incredibleMovie */ = {
			isa = PBXNativeTarget;
			buildConfigurationList = EBEDCFB321B68F6900979618 /* Build configuration list for PBXNativeTarget "incredibleMovie" */;
			buildPhases = (
				18D7F15883519D0887C43B6B /* [CP] Check Pods Manifest.lock */,
				EBEDCF9221B68F6800979618 /* Sources */,
				EBEDCF9321B68F6800979618 /* Frameworks */,
				EBEDCF9421B68F6800979618 /* Resources */,
				A2214195DA3AC667A98ECF37 /* [CP] Embed Pods Frameworks */,
			);
			buildRules = (
			);
			dependencies = (
			);
			name = incredibleMovie;
			productName = incredibleMovie;
			productReference = EBEDCF9621B68F6800979618 /* incredibleMovie.app */;
			productType = "com.apple.product-type.application";
		};
		EBEDCFA921B68F6900979618 /* incredibleMovieTests */ = {
			isa = PBXNativeTarget;
			buildConfigurationList = EBEDCFB621B68F6900979618 /* Build configuration list for PBXNativeTarget "incredibleMovieTests" */;
			buildPhases = (
				0F1C338007D75BD3EA4F26A1 /* [CP] Check Pods Manifest.lock */,
				EBEDCFA621B68F6900979618 /* Sources */,
				EBEDCFA721B68F6900979618 /* Frameworks */,
				EBEDCFA821B68F6900979618 /* Resources */,
			);
			buildRules = (
			);
			dependencies = (
				EBEDCFAC21B68F6900979618 /* PBXTargetDependency */,
			);
			name = incredibleMovieTests;
			productName = incredibleMovieTests;
			productReference = EBEDCFAA21B68F6900979618 /* incredibleMovieTests.xctest */;
			productType = "com.apple.product-type.bundle.unit-test";
		};
/* End PBXNativeTarget section */

/* Begin PBXProject section */
		EBEDCF8E21B68F6800979618 /* Project object */ = {
			isa = PBXProject;
			attributes = {
				LastSwiftUpdateCheck = 1010;
				LastUpgradeCheck = 1010;
				ORGANIZATIONNAME = "Sergio Garre";
				TargetAttributes = {
					EBEDCF9521B68F6800979618 = {
						CreatedOnToolsVersion = 10.1;
					};
					EBEDCFA921B68F6900979618 = {
						CreatedOnToolsVersion = 10.1;
						TestTargetID = EBEDCF9521B68F6800979618;
					};
				};
			};
			buildConfigurationList = EBEDCF9121B68F6800979618 /* Build configuration list for PBXProject "incredibleMovie" */;
			compatibilityVersion = "Xcode 9.3";
			developmentRegion = en;
			hasScannedForEncodings = 0;
			knownRegions = (
				en,
				Base,
			);
			mainGroup = EBEDCF8D21B68F6800979618;
			productRefGroup = EBEDCF9721B68F6800979618 /* Products */;
			projectDirPath = "";
			projectRoot = "";
			targets = (
				EBEDCF9521B68F6800979618 /* incredibleMovie */,
				EBEDCFA921B68F6900979618 /* incredibleMovieTests */,
			);
		};
/* End PBXProject section */

/* Begin PBXResourcesBuildPhase section */
		EBEDCF9421B68F6800979618 /* Resources */ = {
			isa = PBXResourcesBuildPhase;
			buildActionMask = 2147483647;
			files = (
				EB94177621B7FDD700B5C845 /* FilterView.xib in Resources */,
				EBEDCFA421B68F6900979618 /* LaunchScreen.storyboard in Resources */,
				EBEDCFA121B68F6900979618 /* Assets.xcassets in Resources */,
				EBEDCF9F21B68F6800979618 /* Main.storyboard in Resources */,
				EB94179B21B9322B00B5C845 /* oops.json in Resources */,
				EB94177E21B8700100B5C845 /* LoadingView.xib in Resources */,
				EB94177C21B86EF200B5C845 /* loader.json in Resources */,
			);
			runOnlyForDeploymentPostprocessing = 0;
		};
		EBEDCFA821B68F6900979618 /* Resources */ = {
			isa = PBXResourcesBuildPhase;
			buildActionMask = 2147483647;
			files = (
			);
			runOnlyForDeploymentPostprocessing = 0;
		};
/* End PBXResourcesBuildPhase section */

/* Begin PBXShellScriptBuildPhase section */
		0F1C338007D75BD3EA4F26A1 /* [CP] Check Pods Manifest.lock */ = {
			isa = PBXShellScriptBuildPhase;
			buildActionMask = 2147483647;
			files = (
			);
			inputFileListPaths = (
			);
			inputPaths = (
				"${PODS_PODFILE_DIR_PATH}/Podfile.lock",
				"${PODS_ROOT}/Manifest.lock",
			);
			name = "[CP] Check Pods Manifest.lock";
			outputFileListPaths = (
			);
			outputPaths = (
				"$(DERIVED_FILE_DIR)/Pods-incredibleMovieTests-checkManifestLockResult.txt",
			);
			runOnlyForDeploymentPostprocessing = 0;
			shellPath = /bin/sh;
			shellScript = "diff \"${PODS_PODFILE_DIR_PATH}/Podfile.lock\" \"${PODS_ROOT}/Manifest.lock\" > /dev/null\nif [ $? != 0 ] ; then\n    # print error to STDERR\n    echo \"error: The sandbox is not in sync with the Podfile.lock. Run 'pod install' or update your CocoaPods installation.\" >&2\n    exit 1\nfi\n# This output is used by Xcode 'outputs' to avoid re-running this script phase.\necho \"SUCCESS\" > \"${SCRIPT_OUTPUT_FILE_0}\"\n";
			showEnvVarsInLog = 0;
		};
		18D7F15883519D0887C43B6B /* [CP] Check Pods Manifest.lock */ = {
			isa = PBXShellScriptBuildPhase;
			buildActionMask = 2147483647;
			files = (
			);
			inputFileListPaths = (
			);
			inputPaths = (
				"${PODS_PODFILE_DIR_PATH}/Podfile.lock",
				"${PODS_ROOT}/Manifest.lock",
			);
			name = "[CP] Check Pods Manifest.lock";
			outputFileListPaths = (
			);
			outputPaths = (
				"$(DERIVED_FILE_DIR)/Pods-incredibleMovie-checkManifestLockResult.txt",
			);
			runOnlyForDeploymentPostprocessing = 0;
			shellPath = /bin/sh;
			shellScript = "diff \"${PODS_PODFILE_DIR_PATH}/Podfile.lock\" \"${PODS_ROOT}/Manifest.lock\" > /dev/null\nif [ $? != 0 ] ; then\n    # print error to STDERR\n    echo \"error: The sandbox is not in sync with the Podfile.lock. Run 'pod install' or update your CocoaPods installation.\" >&2\n    exit 1\nfi\n# This output is used by Xcode 'outputs' to avoid re-running this script phase.\necho \"SUCCESS\" > \"${SCRIPT_OUTPUT_FILE_0}\"\n";
			showEnvVarsInLog = 0;
		};
		A2214195DA3AC667A98ECF37 /* [CP] Embed Pods Frameworks */ = {
			isa = PBXShellScriptBuildPhase;
			buildActionMask = 2147483647;
			files = (
			);
			inputFileListPaths = (
			);
			inputPaths = (
				"${SRCROOT}/Pods/Target Support Files/Pods-incredibleMovie/Pods-incredibleMovie-frameworks.sh",
				"${BUILT_PRODUCTS_DIR}/Alamofire/Alamofire.framework",
				"${BUILT_PRODUCTS_DIR}/AlamofireImage/AlamofireImage.framework",
				"${BUILT_PRODUCTS_DIR}/RangeSeekSlider/RangeSeekSlider.framework",
				"${BUILT_PRODUCTS_DIR}/lottie-ios/Lottie.framework",
			);
			name = "[CP] Embed Pods Frameworks";
			outputFileListPaths = (
			);
			outputPaths = (
				"${TARGET_BUILD_DIR}/${FRAMEWORKS_FOLDER_PATH}/Alamofire.framework",
				"${TARGET_BUILD_DIR}/${FRAMEWORKS_FOLDER_PATH}/AlamofireImage.framework",
				"${TARGET_BUILD_DIR}/${FRAMEWORKS_FOLDER_PATH}/RangeSeekSlider.framework",
				"${TARGET_BUILD_DIR}/${FRAMEWORKS_FOLDER_PATH}/Lottie.framework",
			);
			runOnlyForDeploymentPostprocessing = 0;
			shellPath = /bin/sh;
			shellScript = "\"${SRCROOT}/Pods/Target Support Files/Pods-incredibleMovie/Pods-incredibleMovie-frameworks.sh\"\n";
			showEnvVarsInLog = 0;
		};
/* End PBXShellScriptBuildPhase section */

/* Begin PBXSourcesBuildPhase section */
		EBEDCF9221B68F6800979618 /* Sources */ = {
			isa = PBXSourcesBuildPhase;
			buildActionMask = 2147483647;
			files = (
				EB94179021B92B6100B5C845 /* ErrorPresenter.swift in Sources */,
				EB94177421B7FD9100B5C845 /* FilterView.swift in Sources */,
				EBEDCF9C21B68F6800979618 /* ViewController.swift in Sources */,
				EB45280D21B6925100213B21 /* APIRouter.swift in Sources */,
				EB45282C21B6BD0000213B21 /* MovieViewCell.swift in Sources */,
				EBEDCF9A21B68F6800979618 /* AppDelegate.swift in Sources */,
				EB94178021B8707600B5C845 /* LoadingView.swift in Sources */,
				EB94179421B92B7700B5C845 /* ErrorEntities.swift in Sources */,
				EB45280921B691F200213B21 /* APIConstants.swift in Sources */,
				EB45282721B6B6CB00213B21 /* DashboardViewController.swift in Sources */,
				EB94178721B92AC100B5C845 /* ErrorProtocols.swift in Sources */,
				EB94178421B8A58F00B5C845 /* LoadingResources.swift in Sources */,
				EB45280B21B6923C00213B21 /* APIClient.swift in Sources */,
				EB94177221B7FD5200B5C845 /* FilterViewModel.swift in Sources */,
				EB45282021B6B66500213B21 /* DashboardInteractor.swift in Sources */,
				EB45283F21B7035700213B21 /* DetailProtocols.swift in Sources */,
				EB45283721B702F300213B21 /* DetailPresenter.swift in Sources */,
				EB94177921B8338800B5C845 /* MovieCellModel.swift in Sources */,
				EB45281E21B6B65800213B21 /* DashboardPresenter.swift in Sources */,
				EB45281A21B6B10600213B21 /* DashboardEntities.swift in Sources */,
				EB94179921B92BE000B5C845 /* ErrorResources.swift in Sources */,
				EB45282421B6B68000213B21 /* DashboardProtocols.swift in Sources */,
				EB45281221B6AEC300213B21 /* APIErrors.swift in Sources */,
				EB94179621B92B8100B5C845 /* ErrorRouter.swift in Sources */,
				EB45282221B6B67100213B21 /* DashboardRouter.swift in Sources */,
				EB94178E21B92B4E00B5C845 /* ErrorViewController.swift in Sources */,
				EB94178221B8A17100B5C845 /* FilterResources.swift in Sources */,
				EB45283B21B7030D00213B21 /* DetailEntities.swift in Sources */,
				EB45284221B7043500213B21 /* UIStoryboard.swift in Sources */,
				EB45283D21B7031800213B21 /* DetailRouter.swift in Sources */,
				EB45283521B702E200213B21 /* DetailViewController.swift in Sources */,
				EB45283921B7030000213B21 /* DetailInteractor.swift in Sources */,
			);
			runOnlyForDeploymentPostprocessing = 0;
		};
		EBEDCFA621B68F6900979618 /* Sources */ = {
			isa = PBXSourcesBuildPhase;
			buildActionMask = 2147483647;
			files = (
				EBEDCFAF21B68F6900979618 /* incredibleMovieTests.swift in Sources */,
			);
			runOnlyForDeploymentPostprocessing = 0;
		};
/* End PBXSourcesBuildPhase section */

/* Begin PBXTargetDependency section */
		EBEDCFAC21B68F6900979618 /* PBXTargetDependency */ = {
			isa = PBXTargetDependency;
			target = EBEDCF9521B68F6800979618 /* incredibleMovie */;
			targetProxy = EBEDCFAB21B68F6900979618 /* PBXContainerItemProxy */;
		};
/* End PBXTargetDependency section */

/* Begin PBXVariantGroup section */
		EBEDCF9D21B68F6800979618 /* Main.storyboard */ = {
			isa = PBXVariantGroup;
			children = (
				EBEDCF9E21B68F6800979618 /* Base */,
			);
			name = Main.storyboard;
			sourceTree = "<group>";
		};
		EBEDCFA221B68F6900979618 /* LaunchScreen.storyboard */ = {
			isa = PBXVariantGroup;
			children = (
				EBEDCFA321B68F6900979618 /* Base */,
			);
			name = LaunchScreen.storyboard;
			sourceTree = "<group>";
		};
/* End PBXVariantGroup section */

/* Begin XCBuildConfiguration section */
		EBEDCFB121B68F6900979618 /* Debug */ = {
			isa = XCBuildConfiguration;
			buildSettings = {
				ALWAYS_SEARCH_USER_PATHS = NO;
				CLANG_ANALYZER_NONNULL = YES;
				CLANG_ANALYZER_NUMBER_OBJECT_CONVERSION = YES_AGGRESSIVE;
				CLANG_CXX_LANGUAGE_STANDARD = "gnu++14";
				CLANG_CXX_LIBRARY = "libc++";
				CLANG_ENABLE_MODULES = YES;
				CLANG_ENABLE_OBJC_ARC = YES;
				CLANG_ENABLE_OBJC_WEAK = YES;
				CLANG_WARN_BLOCK_CAPTURE_AUTORELEASING = YES;
				CLANG_WARN_BOOL_CONVERSION = YES;
				CLANG_WARN_COMMA = YES;
				CLANG_WARN_CONSTANT_CONVERSION = YES;
				CLANG_WARN_DEPRECATED_OBJC_IMPLEMENTATIONS = YES;
				CLANG_WARN_DIRECT_OBJC_ISA_USAGE = YES_ERROR;
				CLANG_WARN_DOCUMENTATION_COMMENTS = YES;
				CLANG_WARN_EMPTY_BODY = YES;
				CLANG_WARN_ENUM_CONVERSION = YES;
				CLANG_WARN_INFINITE_RECURSION = YES;
				CLANG_WARN_INT_CONVERSION = YES;
				CLANG_WARN_NON_LITERAL_NULL_CONVERSION = YES;
				CLANG_WARN_OBJC_IMPLICIT_RETAIN_SELF = YES;
				CLANG_WARN_OBJC_LITERAL_CONVERSION = YES;
				CLANG_WARN_OBJC_ROOT_CLASS = YES_ERROR;
				CLANG_WARN_RANGE_LOOP_ANALYSIS = YES;
				CLANG_WARN_STRICT_PROTOTYPES = YES;
				CLANG_WARN_SUSPICIOUS_MOVE = YES;
				CLANG_WARN_UNGUARDED_AVAILABILITY = YES_AGGRESSIVE;
				CLANG_WARN_UNREACHABLE_CODE = YES;
				CLANG_WARN__DUPLICATE_METHOD_MATCH = YES;
				CODE_SIGN_IDENTITY = "iPhone Developer";
				COPY_PHASE_STRIP = NO;
				DEBUG_INFORMATION_FORMAT = dwarf;
				ENABLE_STRICT_OBJC_MSGSEND = YES;
				ENABLE_TESTABILITY = YES;
				GCC_C_LANGUAGE_STANDARD = gnu11;
				GCC_DYNAMIC_NO_PIC = NO;
				GCC_NO_COMMON_BLOCKS = YES;
				GCC_OPTIMIZATION_LEVEL = 0;
				GCC_PREPROCESSOR_DEFINITIONS = (
					"DEBUG=1",
					"$(inherited)",
				);
				GCC_WARN_64_TO_32_BIT_CONVERSION = YES;
				GCC_WARN_ABOUT_RETURN_TYPE = YES_ERROR;
				GCC_WARN_UNDECLARED_SELECTOR = YES;
				GCC_WARN_UNINITIALIZED_AUTOS = YES_AGGRESSIVE;
				GCC_WARN_UNUSED_FUNCTION = YES;
				GCC_WARN_UNUSED_VARIABLE = YES;
				IPHONEOS_DEPLOYMENT_TARGET = 12.1;
				MTL_ENABLE_DEBUG_INFO = INCLUDE_SOURCE;
				MTL_FAST_MATH = YES;
				ONLY_ACTIVE_ARCH = YES;
				SDKROOT = iphoneos;
				SWIFT_ACTIVE_COMPILATION_CONDITIONS = DEBUG;
				SWIFT_OPTIMIZATION_LEVEL = "-Onone";
			};
			name = Debug;
		};
		EBEDCFB221B68F6900979618 /* Release */ = {
			isa = XCBuildConfiguration;
			buildSettings = {
				ALWAYS_SEARCH_USER_PATHS = NO;
				CLANG_ANALYZER_NONNULL = YES;
				CLANG_ANALYZER_NUMBER_OBJECT_CONVERSION = YES_AGGRESSIVE;
				CLANG_CXX_LANGUAGE_STANDARD = "gnu++14";
				CLANG_CXX_LIBRARY = "libc++";
				CLANG_ENABLE_MODULES = YES;
				CLANG_ENABLE_OBJC_ARC = YES;
				CLANG_ENABLE_OBJC_WEAK = YES;
				CLANG_WARN_BLOCK_CAPTURE_AUTORELEASING = YES;
				CLANG_WARN_BOOL_CONVERSION = YES;
				CLANG_WARN_COMMA = YES;
				CLANG_WARN_CONSTANT_CONVERSION = YES;
				CLANG_WARN_DEPRECATED_OBJC_IMPLEMENTATIONS = YES;
				CLANG_WARN_DIRECT_OBJC_ISA_USAGE = YES_ERROR;
				CLANG_WARN_DOCUMENTATION_COMMENTS = YES;
				CLANG_WARN_EMPTY_BODY = YES;
				CLANG_WARN_ENUM_CONVERSION = YES;
				CLANG_WARN_INFINITE_RECURSION = YES;
				CLANG_WARN_INT_CONVERSION = YES;
				CLANG_WARN_NON_LITERAL_NULL_CONVERSION = YES;
				CLANG_WARN_OBJC_IMPLICIT_RETAIN_SELF = YES;
				CLANG_WARN_OBJC_LITERAL_CONVERSION = YES;
				CLANG_WARN_OBJC_ROOT_CLASS = YES_ERROR;
				CLANG_WARN_RANGE_LOOP_ANALYSIS = YES;
				CLANG_WARN_STRICT_PROTOTYPES = YES;
				CLANG_WARN_SUSPICIOUS_MOVE = YES;
				CLANG_WARN_UNGUARDED_AVAILABILITY = YES_AGGRESSIVE;
				CLANG_WARN_UNREACHABLE_CODE = YES;
				CLANG_WARN__DUPLICATE_METHOD_MATCH = YES;
				CODE_SIGN_IDENTITY = "iPhone Developer";
				COPY_PHASE_STRIP = NO;
				DEBUG_INFORMATION_FORMAT = "dwarf-with-dsym";
				ENABLE_NS_ASSERTIONS = NO;
				ENABLE_STRICT_OBJC_MSGSEND = YES;
				GCC_C_LANGUAGE_STANDARD = gnu11;
				GCC_NO_COMMON_BLOCKS = YES;
				GCC_WARN_64_TO_32_BIT_CONVERSION = YES;
				GCC_WARN_ABOUT_RETURN_TYPE = YES_ERROR;
				GCC_WARN_UNDECLARED_SELECTOR = YES;
				GCC_WARN_UNINITIALIZED_AUTOS = YES_AGGRESSIVE;
				GCC_WARN_UNUSED_FUNCTION = YES;
				GCC_WARN_UNUSED_VARIABLE = YES;
				IPHONEOS_DEPLOYMENT_TARGET = 12.1;
				MTL_ENABLE_DEBUG_INFO = NO;
				MTL_FAST_MATH = YES;
				SDKROOT = iphoneos;
				SWIFT_COMPILATION_MODE = wholemodule;
				SWIFT_OPTIMIZATION_LEVEL = "-O";
				VALIDATE_PRODUCT = YES;
			};
			name = Release;
		};
		EBEDCFB421B68F6900979618 /* Debug */ = {
			isa = XCBuildConfiguration;
			baseConfigurationReference = C2D11508D5EF982D2D84B372 /* Pods-incredibleMovie.debug.xcconfig */;
			buildSettings = {
				ASSETCATALOG_COMPILER_APPICON_NAME = AppIcon;
				CODE_SIGN_STYLE = Automatic;
				INFOPLIST_FILE = incredibleMovie/Info.plist;
				LD_RUNPATH_SEARCH_PATHS = (
					"$(inherited)",
					"@executable_path/Frameworks",
				);
				PRODUCT_BUNDLE_IDENTIFIER = com.sgr.incredible.movie.incredibleMovie;
				PRODUCT_NAME = "$(TARGET_NAME)";
				SWIFT_VERSION = 4.2;
				TARGETED_DEVICE_FAMILY = "1,2";
			};
			name = Debug;
		};
		EBEDCFB521B68F6900979618 /* Release */ = {
			isa = XCBuildConfiguration;
			baseConfigurationReference = 03D4FB5C15A65E97785E4BCC /* Pods-incredibleMovie.release.xcconfig */;
			buildSettings = {
				ASSETCATALOG_COMPILER_APPICON_NAME = AppIcon;
				CODE_SIGN_STYLE = Automatic;
				INFOPLIST_FILE = incredibleMovie/Info.plist;
				LD_RUNPATH_SEARCH_PATHS = (
					"$(inherited)",
					"@executable_path/Frameworks",
				);
				PRODUCT_BUNDLE_IDENTIFIER = com.sgr.incredible.movie.incredibleMovie;
				PRODUCT_NAME = "$(TARGET_NAME)";
				SWIFT_VERSION = 4.2;
				TARGETED_DEVICE_FAMILY = "1,2";
			};
			name = Release;
		};
		EBEDCFB721B68F6900979618 /* Debug */ = {
			isa = XCBuildConfiguration;
			baseConfigurationReference = A7D88171DDBC3AF4749CFA60 /* Pods-incredibleMovieTests.debug.xcconfig */;
			buildSettings = {
				ALWAYS_EMBED_SWIFT_STANDARD_LIBRARIES = YES;
				BUNDLE_LOADER = "$(TEST_HOST)";
				CODE_SIGN_STYLE = Automatic;
				INFOPLIST_FILE = incredibleMovieTests/Info.plist;
				LD_RUNPATH_SEARCH_PATHS = (
					"$(inherited)",
					"@executable_path/Frameworks",
					"@loader_path/Frameworks",
				);
				PRODUCT_BUNDLE_IDENTIFIER = com.sgr.incredible.movie.incredibleMovieTests;
				PRODUCT_NAME = "$(TARGET_NAME)";
				SWIFT_VERSION = 4.2;
				TARGETED_DEVICE_FAMILY = "1,2";
				TEST_HOST = "$(BUILT_PRODUCTS_DIR)/incredibleMovie.app/incredibleMovie";
			};
			name = Debug;
		};
		EBEDCFB821B68F6900979618 /* Release */ = {
			isa = XCBuildConfiguration;
			baseConfigurationReference = 71E70DF346CB706A155EDB05 /* Pods-incredibleMovieTests.release.xcconfig */;
			buildSettings = {
				ALWAYS_EMBED_SWIFT_STANDARD_LIBRARIES = YES;
				BUNDLE_LOADER = "$(TEST_HOST)";
				CODE_SIGN_STYLE = Automatic;
				INFOPLIST_FILE = incredibleMovieTests/Info.plist;
				LD_RUNPATH_SEARCH_PATHS = (
					"$(inherited)",
					"@executable_path/Frameworks",
					"@loader_path/Frameworks",
				);
				PRODUCT_BUNDLE_IDENTIFIER = com.sgr.incredible.movie.incredibleMovieTests;
				PRODUCT_NAME = "$(TARGET_NAME)";
				SWIFT_VERSION = 4.2;
				TARGETED_DEVICE_FAMILY = "1,2";
				TEST_HOST = "$(BUILT_PRODUCTS_DIR)/incredibleMovie.app/incredibleMovie";
			};
			name = Release;
		};
/* End XCBuildConfiguration section */

/* Begin XCConfigurationList section */
		EBEDCF9121B68F6800979618 /* Build configuration list for PBXProject "incredibleMovie" */ = {
			isa = XCConfigurationList;
			buildConfigurations = (
				EBEDCFB121B68F6900979618 /* Debug */,
				EBEDCFB221B68F6900979618 /* Release */,
			);
			defaultConfigurationIsVisible = 0;
			defaultConfigurationName = Release;
		};
		EBEDCFB321B68F6900979618 /* Build configuration list for PBXNativeTarget "incredibleMovie" */ = {
			isa = XCConfigurationList;
			buildConfigurations = (
				EBEDCFB421B68F6900979618 /* Debug */,
				EBEDCFB521B68F6900979618 /* Release */,
			);
			defaultConfigurationIsVisible = 0;
			defaultConfigurationName = Release;
		};
		EBEDCFB621B68F6900979618 /* Build configuration list for PBXNativeTarget "incredibleMovieTests" */ = {
			isa = XCConfigurationList;
			buildConfigurations = (
				EBEDCFB721B68F6900979618 /* Debug */,
				EBEDCFB821B68F6900979618 /* Release */,
			);
			defaultConfigurationIsVisible = 0;
			defaultConfigurationName = Release;
		};
/* End XCConfigurationList section */
	};
	rootObject = EBEDCF8E21B68F6800979618 /* Project object */;
}
